
Microsoft Visual Studio Solution File, Format Version 12.00
# Visual Studio Version 17
VisualStudioVersion = 17.2.32516.85
MinimumVisualStudioVersion = 10.0.40219.1
Project("{9A19103F-16F7-4668-BE54-9A1E7A4F7556}") = "GestureSign.ControlPanel", "GestureSign.ControlPanel\GestureSign.ControlPanel.csproj", "{B9A2BC20-B457-4B39-AE1B-274FA961E346}"
	ProjectSection(ProjectDependencies) = postProject
		{60070AF1-C987-4C5B-AFD1-B9DFAF47E35C} = {60070AF1-C987-4C5B-AFD1-B9DFAF47E35C}
	EndProjectSection
EndProject
Project("{9A19103F-16F7-4668-BE54-9A1E7A4F7556}") = "ManagedWinapi", "ManagedWinapi\ManagedWinapi.csproj", "{FBD3EC1E-47E2-4D2D-81C9-D6506125A09A}"
EndProject
Project("{9A19103F-16F7-4668-BE54-9A1E7A4F7556}") = "GestureSign.PointPatterns", "GestureSign.PointPatterns\GestureSign.PointPatterns.csproj", "{69F91BD1-6986-4079-9537-ED1A1D8EBE06}"
EndProject
Project("{9A19103F-16F7-4668-BE54-9A1E7A4F7556}") = "GestureSign.CorePlugins", "GestureSign.CorePlugins\GestureSign.CorePlugins.csproj", "{60070AF1-C987-4C5B-AFD1-B9DFAF47E35C}"
EndProject
Project("{9A19103F-16F7-4668-BE54-9A1E7A4F7556}") = "GestureSign.Common", "GestureSign.Common\GestureSign.Common.csproj", "{038047A4-E3F8-4B49-9762-7F63971B8319}"
EndProject
Project("{9A19103F-16F7-4668-BE54-9A1E7A4F7556}") = "GestureSign.Daemon", "GestureSign.Daemon\GestureSign.Daemon.csproj", "{9DAFB30D-A24B-4A0F-8C72-49FC3142DA6B}"
	ProjectSection(ProjectDependencies) = postProject
		{FBD3EC1E-47E2-4D2D-81C9-D6506125A09A} = {FBD3EC1E-47E2-4D2D-81C9-D6506125A09A}
		{038047A4-E3F8-4B49-9762-7F63971B8319} = {038047A4-E3F8-4B49-9762-7F63971B8319}
		{69F91BD1-6986-4079-9537-ED1A1D8EBE06} = {69F91BD1-6986-4079-9537-ED1A1D8EBE06}
		{60070AF1-C987-4C5B-AFD1-B9DFAF47E35C} = {60070AF1-C987-4C5B-AFD1-B9DFAF47E35C}
	EndProjectSection
EndProject
Project("{9A19103F-16F7-4668-BE54-9A1E7A4F7556}") = "WindowsInput", "WindowsInput\WindowsInput.csproj", "{3549CD6F-80F8-450F-B99E-CF0A736B1F2A}"
EndProject
Project("{2150E333-8FDC-42A3-9474-1A3956D46DE8}") = "GestureSign.ExtraPlugins", "GestureSign.ExtraPlugins", "{5513480E-E6F9-458D-B8D7-AC2AEFE36F06}"
EndProject
Project("{9A19103F-16F7-4668-BE54-9A1E7A4F7556}") = "ClipboardMatch", "GestureSign.ExtraPlugins\ClipboardMatch\ClipboardMatch.csproj", "{A5B38192-6F83-4A45-B75F-213F9EEFEF31}"
EndProject
Project("{9A19103F-16F7-4668-BE54-9A1E7A4F7556}") = "TextCopyer", "GestureSign.ExtraPlugins\TextCopyer\TextCopyer.csproj", "{46CED5B0-5546-4838-9AA8-8669FD2E880A}"
EndProject
Project("{2150E333-8FDC-42A3-9474-1A3956D46DE8}") = "Solution Items", "Solution Items", "{3161CB58-1946-4E28-8487-2E562A327908}"
	ProjectSection(SolutionItems) = preProject
		.editorconfig = .editorconfig
	EndProjectSection
EndProject
Global
	GlobalSection(SolutionConfigurationPlatforms) = preSolution
		Debug|Any CPU = Debug|Any CPU
		Debug|ARM64 = Debug|ARM64
		Debug|x64 = Debug|x64
		Debug|x86 = Debug|x86
		Portable|Any CPU = Portable|Any CPU
		Portable|ARM64 = Portable|ARM64
		Portable|x64 = Portable|x64
		Portable|x86 = Portable|x86
		Release|Any CPU = Release|Any CPU
		Release|ARM64 = Release|ARM64
		Release|x64 = Release|x64
		Release|x86 = Release|x86
		uiAccessRelease|Any CPU = uiAccessRelease|Any CPU
		uiAccessRelease|ARM64 = uiAccessRelease|ARM64
		uiAccessRelease|x64 = uiAccessRelease|x64
		uiAccessRelease|x86 = uiAccessRelease|x86
	EndGlobalSection
	GlobalSection(ProjectConfigurationPlatforms) = postSolution
		{B9A2BC20-B457-4B39-AE1B-274FA961E346}.Debug|Any CPU.ActiveCfg = Debug|Any CPU
		{B9A2BC20-B457-4B39-AE1B-274FA961E346}.Debug|Any CPU.Build.0 = Debug|Any CPU
		{B9A2BC20-B457-4B39-AE1B-274FA961E346}.Debug|ARM64.ActiveCfg = Debug|Any CPU
		{B9A2BC20-B457-4B39-AE1B-274FA961E346}.Debug|ARM64.Build.0 = Debug|Any CPU
		{B9A2BC20-B457-4B39-AE1B-274FA961E346}.Debug|x64.ActiveCfg = Debug|x64
		{B9A2BC20-B457-4B39-AE1B-274FA961E346}.Debug|x64.Build.0 = Debug|x64
		{B9A2BC20-B457-4B39-AE1B-274FA961E346}.Debug|x86.ActiveCfg = Debug|Any CPU
		{B9A2BC20-B457-4B39-AE1B-274FA961E346}.Debug|x86.Build.0 = Debug|Any CPU
		{B9A2BC20-B457-4B39-AE1B-274FA961E346}.Portable|Any CPU.ActiveCfg = Release|Any CPU
		{B9A2BC20-B457-4B39-AE1B-274FA961E346}.Portable|Any CPU.Build.0 = Release|Any CPU
		{B9A2BC20-B457-4B39-AE1B-274FA961E346}.Portable|ARM64.ActiveCfg = Portable|Any CPU
		{B9A2BC20-B457-4B39-AE1B-274FA961E346}.Portable|ARM64.Build.0 = Portable|Any CPU
		{B9A2BC20-B457-4B39-AE1B-274FA961E346}.Portable|x64.ActiveCfg = Portable|Any CPU
		{B9A2BC20-B457-4B39-AE1B-274FA961E346}.Portable|x64.Build.0 = Portable|Any CPU
		{B9A2BC20-B457-4B39-AE1B-274FA961E346}.Portable|x86.ActiveCfg = Release|Any CPU
		{B9A2BC20-B457-4B39-AE1B-274FA961E346}.Portable|x86.Build.0 = Release|Any CPU
		{B9A2BC20-B457-4B39-AE1B-274FA961E346}.Release|Any CPU.ActiveCfg = Release|Any CPU
		{B9A2BC20-B457-4B39-AE1B-274FA961E346}.Release|Any CPU.Build.0 = Release|Any CPU
		{B9A2BC20-B457-4B39-AE1B-274FA961E346}.Release|ARM64.ActiveCfg = Release|ARM64
		{B9A2BC20-B457-4B39-AE1B-274FA961E346}.Release|ARM64.Build.0 = Release|ARM64
		{B9A2BC20-B457-4B39-AE1B-274FA961E346}.Release|x64.ActiveCfg = Release|x64
		{B9A2BC20-B457-4B39-AE1B-274FA961E346}.Release|x64.Build.0 = Release|x64
		{B9A2BC20-B457-4B39-AE1B-274FA961E346}.Release|x86.ActiveCfg = Release|Any CPU
		{B9A2BC20-B457-4B39-AE1B-274FA961E346}.Release|x86.Build.0 = Release|Any CPU
		{B9A2BC20-B457-4B39-AE1B-274FA961E346}.uiAccessRelease|Any CPU.ActiveCfg = uiAccessRelease|Any CPU
		{B9A2BC20-B457-4B39-AE1B-274FA961E346}.uiAccessRelease|Any CPU.Build.0 = uiAccessRelease|Any CPU
		{B9A2BC20-B457-4B39-AE1B-274FA961E346}.uiAccessRelease|ARM64.ActiveCfg = uiAccessRelease|Any CPU
		{B9A2BC20-B457-4B39-AE1B-274FA961E346}.uiAccessRelease|ARM64.Build.0 = uiAccessRelease|Any CPU
		{B9A2BC20-B457-4B39-AE1B-274FA961E346}.uiAccessRelease|x64.ActiveCfg = uiAccessRelease|Any CPU
		{B9A2BC20-B457-4B39-AE1B-274FA961E346}.uiAccessRelease|x64.Build.0 = uiAccessRelease|Any CPU
		{B9A2BC20-B457-4B39-AE1B-274FA961E346}.uiAccessRelease|x86.ActiveCfg = Debug|Any CPU
		{B9A2BC20-B457-4B39-AE1B-274FA961E346}.uiAccessRelease|x86.Build.0 = Debug|Any CPU
		{FBD3EC1E-47E2-4D2D-81C9-D6506125A09A}.Debug|Any CPU.ActiveCfg = Debug|Any CPU
		{FBD3EC1E-47E2-4D2D-81C9-D6506125A09A}.Debug|Any CPU.Build.0 = Debug|Any CPU
		{FBD3EC1E-47E2-4D2D-81C9-D6506125A09A}.Debug|ARM64.ActiveCfg = Debug|Any CPU
		{FBD3EC1E-47E2-4D2D-81C9-D6506125A09A}.Debug|ARM64.Build.0 = Debug|Any CPU
		{FBD3EC1E-47E2-4D2D-81C9-D6506125A09A}.Debug|x64.ActiveCfg = Debug|x64
		{FBD3EC1E-47E2-4D2D-81C9-D6506125A09A}.Debug|x64.Build.0 = Debug|x64
		{FBD3EC1E-47E2-4D2D-81C9-D6506125A09A}.Debug|x86.ActiveCfg = Debug|Any CPU
		{FBD3EC1E-47E2-4D2D-81C9-D6506125A09A}.Debug|x86.Build.0 = Debug|Any CPU
		{FBD3EC1E-47E2-4D2D-81C9-D6506125A09A}.Portable|Any CPU.ActiveCfg = Release|Any CPU
		{FBD3EC1E-47E2-4D2D-81C9-D6506125A09A}.Portable|Any CPU.Build.0 = Release|Any CPU
		{FBD3EC1E-47E2-4D2D-81C9-D6506125A09A}.Portable|ARM64.ActiveCfg = Debug|Any CPU
		{FBD3EC1E-47E2-4D2D-81C9-D6506125A09A}.Portable|ARM64.Build.0 = Debug|Any CPU
		{FBD3EC1E-47E2-4D2D-81C9-D6506125A09A}.Portable|x64.ActiveCfg = Portable|Any CPU
		{FBD3EC1E-47E2-4D2D-81C9-D6506125A09A}.Portable|x64.Build.0 = Portable|Any CPU
		{FBD3EC1E-47E2-4D2D-81C9-D6506125A09A}.Portable|x86.ActiveCfg = Release|Any CPU
		{FBD3EC1E-47E2-4D2D-81C9-D6506125A09A}.Portable|x86.Build.0 = Release|Any CPU
		{FBD3EC1E-47E2-4D2D-81C9-D6506125A09A}.Release|Any CPU.ActiveCfg = Release|Any CPU
		{FBD3EC1E-47E2-4D2D-81C9-D6506125A09A}.Release|Any CPU.Build.0 = Release|Any CPU
		{FBD3EC1E-47E2-4D2D-81C9-D6506125A09A}.Release|ARM64.ActiveCfg = Release|Any CPU
		{FBD3EC1E-47E2-4D2D-81C9-D6506125A09A}.Release|ARM64.Build.0 = Release|Any CPU
		{FBD3EC1E-47E2-4D2D-81C9-D6506125A09A}.Release|x64.ActiveCfg = Release|x64
		{FBD3EC1E-47E2-4D2D-81C9-D6506125A09A}.Release|x64.Build.0 = Release|x64
		{FBD3EC1E-47E2-4D2D-81C9-D6506125A09A}.Release|x86.ActiveCfg = Release|Any CPU
		{FBD3EC1E-47E2-4D2D-81C9-D6506125A09A}.Release|x86.Build.0 = Release|Any CPU
		{FBD3EC1E-47E2-4D2D-81C9-D6506125A09A}.uiAccessRelease|Any CPU.ActiveCfg = uiAccessRelease|Any CPU
		{FBD3EC1E-47E2-4D2D-81C9-D6506125A09A}.uiAccessRelease|Any CPU.Build.0 = uiAccessRelease|Any CPU
		{FBD3EC1E-47E2-4D2D-81C9-D6506125A09A}.uiAccessRelease|ARM64.ActiveCfg = uiAccessRelease|Any CPU
		{FBD3EC1E-47E2-4D2D-81C9-D6506125A09A}.uiAccessRelease|ARM64.Build.0 = uiAccessRelease|Any CPU
		{FBD3EC1E-47E2-4D2D-81C9-D6506125A09A}.uiAccessRelease|x64.ActiveCfg = uiAccessRelease|Any CPU
		{FBD3EC1E-47E2-4D2D-81C9-D6506125A09A}.uiAccessRelease|x64.Build.0 = uiAccessRelease|Any CPU
		{FBD3EC1E-47E2-4D2D-81C9-D6506125A09A}.uiAccessRelease|x86.ActiveCfg = Debug|Any CPU
		{FBD3EC1E-47E2-4D2D-81C9-D6506125A09A}.uiAccessRelease|x86.Build.0 = Debug|Any CPU
		{69F91BD1-6986-4079-9537-ED1A1D8EBE06}.Debug|Any CPU.ActiveCfg = Debug|Any CPU
		{69F91BD1-6986-4079-9537-ED1A1D8EBE06}.Debug|Any CPU.Build.0 = Debug|Any CPU
		{69F91BD1-6986-4079-9537-ED1A1D8EBE06}.Debug|ARM64.ActiveCfg = Debug|Any CPU
		{69F91BD1-6986-4079-9537-ED1A1D8EBE06}.Debug|ARM64.Build.0 = Debug|Any CPU
		{69F91BD1-6986-4079-9537-ED1A1D8EBE06}.Debug|x64.ActiveCfg = Debug|x64
		{69F91BD1-6986-4079-9537-ED1A1D8EBE06}.Debug|x64.Build.0 = Debug|x64
		{69F91BD1-6986-4079-9537-ED1A1D8EBE06}.Debug|x86.ActiveCfg = Debug|Any CPU
		{69F91BD1-6986-4079-9537-ED1A1D8EBE06}.Debug|x86.Build.0 = Debug|Any CPU
		{69F91BD1-6986-4079-9537-ED1A1D8EBE06}.Portable|Any CPU.ActiveCfg = Release|Any CPU
		{69F91BD1-6986-4079-9537-ED1A1D8EBE06}.Portable|Any CPU.Build.0 = Release|Any CPU
		{69F91BD1-6986-4079-9537-ED1A1D8EBE06}.Portable|ARM64.ActiveCfg = Debug|Any CPU
		{69F91BD1-6986-4079-9537-ED1A1D8EBE06}.Portable|ARM64.Build.0 = Debug|Any CPU
		{69F91BD1-6986-4079-9537-ED1A1D8EBE06}.Portable|x64.ActiveCfg = Portable|Any CPU
		{69F91BD1-6986-4079-9537-ED1A1D8EBE06}.Portable|x64.Build.0 = Portable|Any CPU
		{69F91BD1-6986-4079-9537-ED1A1D8EBE06}.Portable|x86.ActiveCfg = Release|Any CPU
		{69F91BD1-6986-4079-9537-ED1A1D8EBE06}.Portable|x86.Build.0 = Release|Any CPU
		{69F91BD1-6986-4079-9537-ED1A1D8EBE06}.Release|Any CPU.ActiveCfg = Release|Any CPU
		{69F91BD1-6986-4079-9537-ED1A1D8EBE06}.Release|Any CPU.Build.0 = Release|Any CPU
		{69F91BD1-6986-4079-9537-ED1A1D8EBE06}.Release|ARM64.ActiveCfg = Release|Any CPU
		{69F91BD1-6986-4079-9537-ED1A1D8EBE06}.Release|ARM64.Build.0 = Release|Any CPU
		{69F91BD1-6986-4079-9537-ED1A1D8EBE06}.Release|x64.ActiveCfg = Release|x64
		{69F91BD1-6986-4079-9537-ED1A1D8EBE06}.Release|x64.Build.0 = Release|x64
		{69F91BD1-6986-4079-9537-ED1A1D8EBE06}.Release|x86.ActiveCfg = Release|Any CPU
		{69F91BD1-6986-4079-9537-ED1A1D8EBE06}.Release|x86.Build.0 = Release|Any CPU
		{69F91BD1-6986-4079-9537-ED1A1D8EBE06}.uiAccessRelease|Any CPU.ActiveCfg = uiAccessRelease|Any CPU
		{69F91BD1-6986-4079-9537-ED1A1D8EBE06}.uiAccessRelease|Any CPU.Build.0 = uiAccessRelease|Any CPU
		{69F91BD1-6986-4079-9537-ED1A1D8EBE06}.uiAccessRelease|ARM64.ActiveCfg = uiAccessRelease|Any CPU
		{69F91BD1-6986-4079-9537-ED1A1D8EBE06}.uiAccessRelease|ARM64.Build.0 = uiAccessRelease|Any CPU
		{69F91BD1-6986-4079-9537-ED1A1D8EBE06}.uiAccessRelease|x64.ActiveCfg = uiAccessRelease|Any CPU
		{69F91BD1-6986-4079-9537-ED1A1D8EBE06}.uiAccessRelease|x64.Build.0 = uiAccessRelease|Any CPU
		{69F91BD1-6986-4079-9537-ED1A1D8EBE06}.uiAccessRelease|x86.ActiveCfg = Debug|Any CPU
		{69F91BD1-6986-4079-9537-ED1A1D8EBE06}.uiAccessRelease|x86.Build.0 = Debug|Any CPU
		{60070AF1-C987-4C5B-AFD1-B9DFAF47E35C}.Debug|Any CPU.ActiveCfg = Debug|Any CPU
		{60070AF1-C987-4C5B-AFD1-B9DFAF47E35C}.Debug|Any CPU.Build.0 = Debug|Any CPU
		{60070AF1-C987-4C5B-AFD1-B9DFAF47E35C}.Debug|ARM64.ActiveCfg = Debug|Any CPU
		{60070AF1-C987-4C5B-AFD1-B9DFAF47E35C}.Debug|ARM64.Build.0 = Debug|Any CPU
		{60070AF1-C987-4C5B-AFD1-B9DFAF47E35C}.Debug|x64.ActiveCfg = Debug|x64
		{60070AF1-C987-4C5B-AFD1-B9DFAF47E35C}.Debug|x64.Build.0 = Debug|x64
		{60070AF1-C987-4C5B-AFD1-B9DFAF47E35C}.Debug|x86.ActiveCfg = Debug|Any CPU
		{60070AF1-C987-4C5B-AFD1-B9DFAF47E35C}.Debug|x86.Build.0 = Debug|Any CPU
		{60070AF1-C987-4C5B-AFD1-B9DFAF47E35C}.Portable|Any CPU.ActiveCfg = Release|Any CPU
		{60070AF1-C987-4C5B-AFD1-B9DFAF47E35C}.Portable|Any CPU.Build.0 = Release|Any CPU
		{60070AF1-C987-4C5B-AFD1-B9DFAF47E35C}.Portable|ARM64.ActiveCfg = Portable|Any CPU
		{60070AF1-C987-4C5B-AFD1-B9DFAF47E35C}.Portable|ARM64.Build.0 = Portable|Any CPU
		{60070AF1-C987-4C5B-AFD1-B9DFAF47E35C}.Portable|x64.ActiveCfg = Portable|Any CPU
		{60070AF1-C987-4C5B-AFD1-B9DFAF47E35C}.Portable|x64.Build.0 = Portable|Any CPU
		{60070AF1-C987-4C5B-AFD1-B9DFAF47E35C}.Portable|x86.ActiveCfg = Release|Any CPU
		{60070AF1-C987-4C5B-AFD1-B9DFAF47E35C}.Portable|x86.Build.0 = Release|Any CPU
		{60070AF1-C987-4C5B-AFD1-B9DFAF47E35C}.Release|Any CPU.ActiveCfg = Release|Any CPU
		{60070AF1-C987-4C5B-AFD1-B9DFAF47E35C}.Release|Any CPU.Build.0 = Release|Any CPU
		{60070AF1-C987-4C5B-AFD1-B9DFAF47E35C}.Release|ARM64.ActiveCfg = Release|Any CPU
		{60070AF1-C987-4C5B-AFD1-B9DFAF47E35C}.Release|ARM64.Build.0 = Release|Any CPU
		{60070AF1-C987-4C5B-AFD1-B9DFAF47E35C}.Release|x64.ActiveCfg = Release|x64
		{60070AF1-C987-4C5B-AFD1-B9DFAF47E35C}.Release|x64.Build.0 = Release|x64
		{60070AF1-C987-4C5B-AFD1-B9DFAF47E35C}.Release|x86.ActiveCfg = Release|Any CPU
		{60070AF1-C987-4C5B-AFD1-B9DFAF47E35C}.Release|x86.Build.0 = Release|Any CPU
		{60070AF1-C987-4C5B-AFD1-B9DFAF47E35C}.uiAccessRelease|Any CPU.ActiveCfg = uiAccessRelease|Any CPU
		{60070AF1-C987-4C5B-AFD1-B9DFAF47E35C}.uiAccessRelease|Any CPU.Build.0 = uiAccessRelease|Any CPU
		{60070AF1-C987-4C5B-AFD1-B9DFAF47E35C}.uiAccessRelease|ARM64.ActiveCfg = uiAccessRelease|Any CPU
		{60070AF1-C987-4C5B-AFD1-B9DFAF47E35C}.uiAccessRelease|ARM64.Build.0 = uiAccessRelease|Any CPU
		{60070AF1-C987-4C5B-AFD1-B9DFAF47E35C}.uiAccessRelease|x64.ActiveCfg = uiAccessRelease|Any CPU
		{60070AF1-C987-4C5B-AFD1-B9DFAF47E35C}.uiAccessRelease|x64.Build.0 = uiAccessRelease|Any CPU
		{60070AF1-C987-4C5B-AFD1-B9DFAF47E35C}.uiAccessRelease|x86.ActiveCfg = Debug|Any CPU
		{60070AF1-C987-4C5B-AFD1-B9DFAF47E35C}.uiAccessRelease|x86.Build.0 = Debug|Any CPU
		{038047A4-E3F8-4B49-9762-7F63971B8319}.Debug|Any CPU.ActiveCfg = Debug|Any CPU
		{038047A4-E3F8-4B49-9762-7F63971B8319}.Debug|Any CPU.Build.0 = Debug|Any CPU
		{038047A4-E3F8-4B49-9762-7F63971B8319}.Debug|ARM64.ActiveCfg = Debug|Any CPU
		{038047A4-E3F8-4B49-9762-7F63971B8319}.Debug|ARM64.Build.0 = Debug|Any CPU
		{038047A4-E3F8-4B49-9762-7F63971B8319}.Debug|x64.ActiveCfg = Debug|x64
		{038047A4-E3F8-4B49-9762-7F63971B8319}.Debug|x64.Build.0 = Debug|x64
		{038047A4-E3F8-4B49-9762-7F63971B8319}.Debug|x86.ActiveCfg = Debug|Any CPU
		{038047A4-E3F8-4B49-9762-7F63971B8319}.Debug|x86.Build.0 = Debug|Any CPU
		{038047A4-E3F8-4B49-9762-7F63971B8319}.Portable|Any CPU.ActiveCfg = Release|Any CPU
		{038047A4-E3F8-4B49-9762-7F63971B8319}.Portable|Any CPU.Build.0 = Release|Any CPU
		{038047A4-E3F8-4B49-9762-7F63971B8319}.Portable|ARM64.ActiveCfg = Debug|Any CPU
		{038047A4-E3F8-4B49-9762-7F63971B8319}.Portable|ARM64.Build.0 = Debug|Any CPU
		{038047A4-E3F8-4B49-9762-7F63971B8319}.Portable|x64.ActiveCfg = Portable|Any CPU
		{038047A4-E3F8-4B49-9762-7F63971B8319}.Portable|x64.Build.0 = Portable|Any CPU
		{038047A4-E3F8-4B49-9762-7F63971B8319}.Portable|x86.ActiveCfg = Debug|Any CPU
		{038047A4-E3F8-4B49-9762-7F63971B8319}.Portable|x86.Build.0 = Debug|Any CPU
		{038047A4-E3F8-4B49-9762-7F63971B8319}.Release|Any CPU.ActiveCfg = Release|Any CPU
		{038047A4-E3F8-4B49-9762-7F63971B8319}.Release|Any CPU.Build.0 = Release|Any CPU
		{038047A4-E3F8-4B49-9762-7F63971B8319}.Release|ARM64.ActiveCfg = Release|Any CPU
		{038047A4-E3F8-4B49-9762-7F63971B8319}.Release|ARM64.Build.0 = Release|Any CPU
		{038047A4-E3F8-4B49-9762-7F63971B8319}.Release|x64.ActiveCfg = Release|x64
		{038047A4-E3F8-4B49-9762-7F63971B8319}.Release|x64.Build.0 = Release|x64
		{038047A4-E3F8-4B49-9762-7F63971B8319}.Release|x86.ActiveCfg = Release|Any CPU
		{038047A4-E3F8-4B49-9762-7F63971B8319}.Release|x86.Build.0 = Release|Any CPU
		{038047A4-E3F8-4B49-9762-7F63971B8319}.uiAccessRelease|Any CPU.ActiveCfg = uiAccessRelease|Any CPU
		{038047A4-E3F8-4B49-9762-7F63971B8319}.uiAccessRelease|Any CPU.Build.0 = uiAccessRelease|Any CPU
		{038047A4-E3F8-4B49-9762-7F63971B8319}.uiAccessRelease|ARM64.ActiveCfg = uiAccessRelease|Any CPU
		{038047A4-E3F8-4B49-9762-7F63971B8319}.uiAccessRelease|ARM64.Build.0 = uiAccessRelease|Any CPU
		{038047A4-E3F8-4B49-9762-7F63971B8319}.uiAccessRelease|x64.ActiveCfg = uiAccessRelease|Any CPU
		{038047A4-E3F8-4B49-9762-7F63971B8319}.uiAccessRelease|x64.Build.0 = uiAccessRelease|Any CPU
		{038047A4-E3F8-4B49-9762-7F63971B8319}.uiAccessRelease|x86.ActiveCfg = Debug|Any CPU
		{038047A4-E3F8-4B49-9762-7F63971B8319}.uiAccessRelease|x86.Build.0 = Debug|Any CPU
		{9DAFB30D-A24B-4A0F-8C72-49FC3142DA6B}.Debug|Any CPU.ActiveCfg = Debug|Any CPU
		{9DAFB30D-A24B-4A0F-8C72-49FC3142DA6B}.Debug|Any CPU.Build.0 = Debug|Any CPU
		{9DAFB30D-A24B-4A0F-8C72-49FC3142DA6B}.Debug|ARM64.ActiveCfg = Debug|ARM64
		{9DAFB30D-A24B-4A0F-8C72-49FC3142DA6B}.Debug|ARM64.Build.0 = Debug|ARM64
		{9DAFB30D-A24B-4A0F-8C72-49FC3142DA6B}.Debug|x64.ActiveCfg = Debug|x64
		{9DAFB30D-A24B-4A0F-8C72-49FC3142DA6B}.Debug|x64.Build.0 = Debug|x64
		{9DAFB30D-A24B-4A0F-8C72-49FC3142DA6B}.Debug|x86.ActiveCfg = Debug|Any CPU
		{9DAFB30D-A24B-4A0F-8C72-49FC3142DA6B}.Debug|x86.Build.0 = Debug|Any CPU
		{9DAFB30D-A24B-4A0F-8C72-49FC3142DA6B}.Portable|Any CPU.ActiveCfg = Release|Any CPU
		{9DAFB30D-A24B-4A0F-8C72-49FC3142DA6B}.Portable|Any CPU.Build.0 = Release|Any CPU
		{9DAFB30D-A24B-4A0F-8C72-49FC3142DA6B}.Portable|ARM64.ActiveCfg = Debug|Any CPU
		{9DAFB30D-A24B-4A0F-8C72-49FC3142DA6B}.Portable|ARM64.Build.0 = Debug|Any CPU
		{9DAFB30D-A24B-4A0F-8C72-49FC3142DA6B}.Portable|x64.ActiveCfg = Portable|Any CPU
		{9DAFB30D-A24B-4A0F-8C72-49FC3142DA6B}.Portable|x64.Build.0 = Portable|Any CPU
		{9DAFB30D-A24B-4A0F-8C72-49FC3142DA6B}.Portable|x86.ActiveCfg = Release|Any CPU
		{9DAFB30D-A24B-4A0F-8C72-49FC3142DA6B}.Portable|x86.Build.0 = Release|Any CPU
		{9DAFB30D-A24B-4A0F-8C72-49FC3142DA6B}.Release|Any CPU.ActiveCfg = Release|Any CPU
		{9DAFB30D-A24B-4A0F-8C72-49FC3142DA6B}.Release|Any CPU.Build.0 = Release|Any CPU
		{9DAFB30D-A24B-4A0F-8C72-49FC3142DA6B}.Release|ARM64.ActiveCfg = Release|ARM64
		{9DAFB30D-A24B-4A0F-8C72-49FC3142DA6B}.Release|ARM64.Build.0 = Release|ARM64
		{9DAFB30D-A24B-4A0F-8C72-49FC3142DA6B}.Release|x64.ActiveCfg = Release|x64
		{9DAFB30D-A24B-4A0F-8C72-49FC3142DA6B}.Release|x64.Build.0 = Release|x64
		{9DAFB30D-A24B-4A0F-8C72-49FC3142DA6B}.Release|x86.ActiveCfg = Release|Any CPU
		{9DAFB30D-A24B-4A0F-8C72-49FC3142DA6B}.Release|x86.Build.0 = Release|Any CPU
		{9DAFB30D-A24B-4A0F-8C72-49FC3142DA6B}.uiAccessRelease|Any CPU.ActiveCfg = uiAccessRelease|Any CPU
		{9DAFB30D-A24B-4A0F-8C72-49FC3142DA6B}.uiAccessRelease|Any CPU.Build.0 = uiAccessRelease|Any CPU
		{9DAFB30D-A24B-4A0F-8C72-49FC3142DA6B}.uiAccessRelease|ARM64.ActiveCfg = uiAccessRelease|Any CPU
		{9DAFB30D-A24B-4A0F-8C72-49FC3142DA6B}.uiAccessRelease|ARM64.Build.0 = uiAccessRelease|Any CPU
		{9DAFB30D-A24B-4A0F-8C72-49FC3142DA6B}.uiAccessRelease|x64.ActiveCfg = uiAccessRelease|Any CPU
		{9DAFB30D-A24B-4A0F-8C72-49FC3142DA6B}.uiAccessRelease|x64.Build.0 = uiAccessRelease|Any CPU
		{9DAFB30D-A24B-4A0F-8C72-49FC3142DA6B}.uiAccessRelease|x86.ActiveCfg = Debug|Any CPU
		{9DAFB30D-A24B-4A0F-8C72-49FC3142DA6B}.uiAccessRelease|x86.Build.0 = Debug|Any CPU
		{3549CD6F-80F8-450F-B99E-CF0A736B1F2A}.Debug|Any CPU.ActiveCfg = Debug|Any CPU
		{3549CD6F-80F8-450F-B99E-CF0A736B1F2A}.Debug|Any CPU.Build.0 = Debug|Any CPU
		{3549CD6F-80F8-450F-B99E-CF0A736B1F2A}.Debug|ARM64.ActiveCfg = Debug|Any CPU
		{3549CD6F-80F8-450F-B99E-CF0A736B1F2A}.Debug|ARM64.Build.0 = Debug|Any CPU
		{3549CD6F-80F8-450F-B99E-CF0A736B1F2A}.Debug|x64.ActiveCfg = Debug|x64
		{3549CD6F-80F8-450F-B99E-CF0A736B1F2A}.Debug|x64.Build.0 = Debug|x64
		{3549CD6F-80F8-450F-B99E-CF0A736B1F2A}.Debug|x86.ActiveCfg = Debug|Any CPU
		{3549CD6F-80F8-450F-B99E-CF0A736B1F2A}.Debug|x86.Build.0 = Debug|Any CPU
		{3549CD6F-80F8-450F-B99E-CF0A736B1F2A}.Portable|Any CPU.ActiveCfg = Release|Any CPU
		{3549CD6F-80F8-450F-B99E-CF0A736B1F2A}.Portable|Any CPU.Build.0 = Release|Any CPU
		{3549CD6F-80F8-450F-B99E-CF0A736B1F2A}.Portable|ARM64.ActiveCfg = Debug|Any CPU
		{3549CD6F-80F8-450F-B99E-CF0A736B1F2A}.Portable|ARM64.Build.0 = Debug|Any CPU
		{3549CD6F-80F8-450F-B99E-CF0A736B1F2A}.Portable|x64.ActiveCfg = Portable|Any CPU
		{3549CD6F-80F8-450F-B99E-CF0A736B1F2A}.Portable|x64.Build.0 = Portable|Any CPU
		{3549CD6F-80F8-450F-B99E-CF0A736B1F2A}.Portable|x86.ActiveCfg = Release|Any CPU
		{3549CD6F-80F8-450F-B99E-CF0A736B1F2A}.Portable|x86.Build.0 = Release|Any CPU
		{3549CD6F-80F8-450F-B99E-CF0A736B1F2A}.Release|Any CPU.ActiveCfg = Release|Any CPU
		{3549CD6F-80F8-450F-B99E-CF0A736B1F2A}.Release|Any CPU.Build.0 = Release|Any CPU
		{3549CD6F-80F8-450F-B99E-CF0A736B1F2A}.Release|ARM64.ActiveCfg = Release|Any CPU
		{3549CD6F-80F8-450F-B99E-CF0A736B1F2A}.Release|ARM64.Build.0 = Release|Any CPU
		{3549CD6F-80F8-450F-B99E-CF0A736B1F2A}.Release|x64.ActiveCfg = Release|x64
		{3549CD6F-80F8-450F-B99E-CF0A736B1F2A}.Release|x64.Build.0 = Release|x64
		{3549CD6F-80F8-450F-B99E-CF0A736B1F2A}.Release|x86.ActiveCfg = Release|Any CPU
		{3549CD6F-80F8-450F-B99E-CF0A736B1F2A}.Release|x86.Build.0 = Release|Any CPU
		{3549CD6F-80F8-450F-B99E-CF0A736B1F2A}.uiAccessRelease|Any CPU.ActiveCfg = Release|Any CPU
		{3549CD6F-80F8-450F-B99E-CF0A736B1F2A}.uiAccessRelease|Any CPU.Build.0 = Release|Any CPU
		{3549CD6F-80F8-450F-B99E-CF0A736B1F2A}.uiAccessRelease|ARM64.ActiveCfg = Release|Any CPU
		{3549CD6F-80F8-450F-B99E-CF0A736B1F2A}.uiAccessRelease|ARM64.Build.0 = Release|Any CPU
		{3549CD6F-80F8-450F-B99E-CF0A736B1F2A}.uiAccessRelease|x64.ActiveCfg = Release|x64
		{3549CD6F-80F8-450F-B99E-CF0A736B1F2A}.uiAccessRelease|x64.Build.0 = Release|x64
		{3549CD6F-80F8-450F-B99E-CF0A736B1F2A}.uiAccessRelease|x86.ActiveCfg = Release|Any CPU
		{3549CD6F-80F8-450F-B99E-CF0A736B1F2A}.uiAccessRelease|x86.Build.0 = Release|Any CPU
		{A5B38192-6F83-4A45-B75F-213F9EEFEF31}.Debug|Any CPU.ActiveCfg = Debug|Any CPU
		{A5B38192-6F83-4A45-B75F-213F9EEFEF31}.Debug|Any CPU.Build.0 = Debug|Any CPU
		{A5B38192-6F83-4A45-B75F-213F9EEFEF31}.Debug|ARM64.ActiveCfg = Debug|Any CPU
		{A5B38192-6F83-4A45-B75F-213F9EEFEF31}.Debug|ARM64.Build.0 = Debug|Any CPU
		{A5B38192-6F83-4A45-B75F-213F9EEFEF31}.Debug|x64.ActiveCfg = Debug|x64
		{A5B38192-6F83-4A45-B75F-213F9EEFEF31}.Debug|x64.Build.0 = Debug|x64
		{A5B38192-6F83-4A45-B75F-213F9EEFEF31}.Debug|x86.ActiveCfg = Debug|Any CPU
		{A5B38192-6F83-4A45-B75F-213F9EEFEF31}.Debug|x86.Build.0 = Debug|Any CPU
		{A5B38192-6F83-4A45-B75F-213F9EEFEF31}.Portable|Any CPU.ActiveCfg = Release|Any CPU
		{A5B38192-6F83-4A45-B75F-213F9EEFEF31}.Portable|Any CPU.Build.0 = Release|Any CPU
		{A5B38192-6F83-4A45-B75F-213F9EEFEF31}.Portable|ARM64.ActiveCfg = Portable|Any CPU
		{A5B38192-6F83-4A45-B75F-213F9EEFEF31}.Portable|ARM64.Build.0 = Portable|Any CPU
		{A5B38192-6F83-4A45-B75F-213F9EEFEF31}.Portable|x64.ActiveCfg = Portable|Any CPU
		{A5B38192-6F83-4A45-B75F-213F9EEFEF31}.Portable|x64.Build.0 = Portable|Any CPU
		{A5B38192-6F83-4A45-B75F-213F9EEFEF31}.Portable|x86.ActiveCfg = Release|Any CPU
		{A5B38192-6F83-4A45-B75F-213F9EEFEF31}.Portable|x86.Build.0 = Release|Any CPU
		{A5B38192-6F83-4A45-B75F-213F9EEFEF31}.Release|Any CPU.ActiveCfg = Release|Any CPU
		{A5B38192-6F83-4A45-B75F-213F9EEFEF31}.Release|Any CPU.Build.0 = Release|Any CPU
		{A5B38192-6F83-4A45-B75F-213F9EEFEF31}.Release|ARM64.ActiveCfg = Release|Any CPU
		{A5B38192-6F83-4A45-B75F-213F9EEFEF31}.Release|ARM64.Build.0 = Release|Any CPU
		{A5B38192-6F83-4A45-B75F-213F9EEFEF31}.Release|x64.ActiveCfg = Release|x64
		{A5B38192-6F83-4A45-B75F-213F9EEFEF31}.Release|x64.Build.0 = Release|x64
		{A5B38192-6F83-4A45-B75F-213F9EEFEF31}.Release|x86.ActiveCfg = Release|Any CPU
		{A5B38192-6F83-4A45-B75F-213F9EEFEF31}.Release|x86.Build.0 = Release|Any CPU
		{A5B38192-6F83-4A45-B75F-213F9EEFEF31}.uiAccessRelease|Any CPU.ActiveCfg = Release|Any CPU
		{A5B38192-6F83-4A45-B75F-213F9EEFEF31}.uiAccessRelease|Any CPU.Build.0 = Release|Any CPU
		{A5B38192-6F83-4A45-B75F-213F9EEFEF31}.uiAccessRelease|ARM64.ActiveCfg = Release|Any CPU
		{A5B38192-6F83-4A45-B75F-213F9EEFEF31}.uiAccessRelease|ARM64.Build.0 = Release|Any CPU
		{A5B38192-6F83-4A45-B75F-213F9EEFEF31}.uiAccessRelease|x64.ActiveCfg = Release|x64
		{A5B38192-6F83-4A45-B75F-213F9EEFEF31}.uiAccessRelease|x64.Build.0 = Release|x64
		{A5B38192-6F83-4A45-B75F-213F9EEFEF31}.uiAccessRelease|x86.ActiveCfg = Release|Any CPU
		{A5B38192-6F83-4A45-B75F-213F9EEFEF31}.uiAccessRelease|x86.Build.0 = Release|Any CPU
		{46CED5B0-5546-4838-9AA8-8669FD2E880A}.Debug|Any CPU.ActiveCfg = Debug|Any CPU
		{46CED5B0-5546-4838-9AA8-8669FD2E880A}.Debug|Any CPU.Build.0 = Debug|Any CPU
		{46CED5B0-5546-4838-9AA8-8669FD2E880A}.Debug|ARM64.ActiveCfg = Debug|Any CPU
		{46CED5B0-5546-4838-9AA8-8669FD2E880A}.Debug|ARM64.Build.0 = Debug|Any CPU
		{46CED5B0-5546-4838-9AA8-8669FD2E880A}.Debug|x64.ActiveCfg = Debug|x64
		{46CED5B0-5546-4838-9AA8-8669FD2E880A}.Debug|x64.Build.0 = Debug|x64
		{46CED5B0-5546-4838-9AA8-8669FD2E880A}.Debug|x86.ActiveCfg = Debug|Any CPU
		{46CED5B0-5546-4838-9AA8-8669FD2E880A}.Portable|Any CPU.ActiveCfg = Release|Any CPU
		{46CED5B0-5546-4838-9AA8-8669FD2E880A}.Portable|ARM64.ActiveCfg = Debug|Any CPU
		{46CED5B0-5546-4838-9AA8-8669FD2E880A}.Portable|ARM64.Build.0 = Debug|Any CPU
		{46CED5B0-5546-4838-9AA8-8669FD2E880A}.Portable|x64.ActiveCfg = Debug|x64
		{46CED5B0-5546-4838-9AA8-8669FD2E880A}.Portable|x64.Build.0 = Debug|x64
		{46CED5B0-5546-4838-9AA8-8669FD2E880A}.Portable|x86.ActiveCfg = Release|Any CPU
		{46CED5B0-5546-4838-9AA8-8669FD2E880A}.Portable|x86.Build.0 = Release|Any CPU
		{46CED5B0-5546-4838-9AA8-8669FD2E880A}.Release|Any CPU.ActiveCfg = Release|Any CPU
		{46CED5B0-5546-4838-9AA8-8669FD2E880A}.Release|Any CPU.Build.0 = Release|Any CPU
		{46CED5B0-5546-4838-9AA8-8669FD2E880A}.Release|ARM64.ActiveCfg = Release|Any CPU
		{46CED5B0-5546-4838-9AA8-8669FD2E880A}.Release|ARM64.Build.0 = Release|Any CPU
		{46CED5B0-5546-4838-9AA8-8669FD2E880A}.Release|x64.ActiveCfg = Release|x64
		{46CED5B0-5546-4838-9AA8-8669FD2E880A}.Release|x64.Build.0 = Release|x64
		{46CED5B0-5546-4838-9AA8-8669FD2E880A}.Release|x86.ActiveCfg = Release|Any CPU
		{46CED5B0-5546-4838-9AA8-8669FD2E880A}.Release|x86.Build.0 = Release|Any CPU
		{46CED5B0-5546-4838-9AA8-8669FD2E880A}.uiAccessRelease|Any CPU.ActiveCfg = Release|Any CPU
		{46CED5B0-5546-4838-9AA8-8669FD2E880A}.uiAccessRelease|Any CPU.Build.0 = Release|Any CPU
		{46CED5B0-5546-4838-9AA8-8669FD2E880A}.uiAccessRelease|ARM64.ActiveCfg = Release|Any CPU
		{46CED5B0-5546-4838-9AA8-8669FD2E880A}.uiAccessRelease|ARM64.Build.0 = Release|Any CPU
		{46CED5B0-5546-4838-9AA8-8669FD2E880A}.uiAccessRelease|x64.ActiveCfg = Release|x64
		{46CED5B0-5546-4838-9AA8-8669FD2E880A}.uiAccessRelease|x64.Build.0 = Release|x64
		{46CED5B0-5546-4838-9AA8-8669FD2E880A}.uiAccessRelease|x86.ActiveCfg = Release|Any CPU
		{46CED5B0-5546-4838-9AA8-8669FD2E880A}.uiAccessRelease|x86.Build.0 = Release|Any CPU
	EndGlobalSection
	GlobalSection(SolutionProperties) = preSolution
		HideSolutionNode = FALSE
	EndGlobalSection
	GlobalSection(NestedProjects) = preSolution
		{A5B38192-6F83-4A45-B75F-213F9EEFEF31} = {5513480E-E6F9-458D-B8D7-AC2AEFE36F06}
		{46CED5B0-5546-4838-9AA8-8669FD2E880A} = {5513480E-E6F9-458D-B8D7-AC2AEFE36F06}
	EndGlobalSection
	GlobalSection(ExtensibilityGlobals) = postSolution
		SolutionGuid = {EBC4F532-9A1A-4E30-AB47-4A76F640BEBF}
	EndGlobalSection
	GlobalSection(Performance) = preSolution
		HasPerformanceSessions = true
	EndGlobalSection
EndGlobal
